
Microsoft Visual Studio Solution File, Format Version 12.00
# Visual Studio Version 17
VisualStudioVersion = 17.6.33815.320
MinimumVisualStudioVersion = 10.0.40219.1
Project("{FAE04EC0-301F-11D3-BF4B-00C04F79EFBC}") = "UzunTec.WinUI.Utils", "UzunTec.WinUI.Utils\UzunTec.WinUI.Utils.csproj", "{BAFF4950-72EC-4618-AD1C-74358C44356C}"
EndProject
Project("{FAE04EC0-301F-11D3-BF4B-00C04F79EFBC}") = "UzunTec.WinUI.Controls", "UzunTec.WinUI.Controls\UzunTec.WinUI.Controls.csproj", "{9154FACF-C20C-4D27-A02A-1D329C1ED580}"
EndProject
Project("{FAE04EC0-301F-11D3-BF4B-00C04F79EFBC}") = "UzunTec.WinUI.TestApp", "UzunTec.WinUI.TestApp\UzunTec.WinUI.TestApp.csproj", "{5ACA499A-1796-45B1-AED0-1DC047E33ED7}"
EndProject
Global
	GlobalSection(SolutionConfigurationPlatforms) = preSolution
		Debug|Any CPU = Debug|Any CPU
		Release|Any CPU = Release|Any CPU
	EndGlobalSection
	GlobalSection(ProjectConfigurationPlatforms) = postSolution
		{BAFF4950-72EC-4618-AD1C-74358C44356C}.Debug|Any CPU.ActiveCfg = Debug|Any CPU
		{BAFF4950-72EC-4618-AD1C-74358C44356C}.Debug|Any CPU.Build.0 = Debug|Any CPU
		{BAFF4950-72EC-4618-AD1C-74358C44356C}.Release|Any CPU.ActiveCfg = Release|Any CPU
		{BAFF4950-72EC-4618-AD1C-74358C44356C}.Release|Any CPU.Build.0 = Release|Any CPU
		{9154FACF-C20C-4D27-A02A-1D329C1ED580}.Debug|Any CPU.ActiveCfg = Debug|Any CPU
		{9154FACF-C20C-4D27-A02A-1D329C1ED580}.Debug|Any CPU.Build.0 = Debug|Any CPU
		{9154FACF-C20C-4D27-A02A-1D329C1ED580}.Release|Any CPU.ActiveCfg = Release|Any CPU
		{9154FACF-C20C-4D27-A02A-1D329C1ED580}.Release|Any CPU.Build.0 = Release|Any CPU
		{5ACA499A-1796-45B1-AED0-1DC047E33ED7}.Debug|Any CPU.ActiveCfg = Debug|Any CPU
		{5ACA499A-1796-45B1-AED0-1DC047E33ED7}.Debug|Any CPU.Build.0 = Debug|Any CPU
		{5ACA499A-1796-45B1-AED0-1DC047E33ED7}.Release|Any CPU.ActiveCfg = Release|Any CPU
		{5ACA499A-1796-45B1-AED0-1DC047E33ED7}.Release|Any CPU.Build.0 = Release|Any CPU
	EndGlobalSection
	GlobalSection(SolutionProperties) = preSolution
		HideSolutionNode = FALSE
	EndGlobalSection
	GlobalSection(ExtensibilityGlobals) = postSolution
		SolutionGuid = {BD58BDFE-A02D-4E07-BDBE-044DC7E96127}
	EndGlobalSection
EndGlobal
